// !$*UTF8*$!
{
	archiveVersion = 1;
	classes = {
	};
	objectVersion = 48;
	objects = {

/* Begin PBXBuildFile section */
		BD93E2BD1F683259000E0F32 /* AppDelegate.swift in Sources */ = {isa = PBXBuildFile; fileRef = BD93E2BC1F683259000E0F32 /* AppDelegate.swift */; };
		BD93E2BF1F683259000E0F32 /* ViewController.swift in Sources */ = {isa = PBXBuildFile; fileRef = BD93E2BE1F683259000E0F32 /* ViewController.swift */; };
		BD93E2C21F683259000E0F32 /* Main.storyboard in Resources */ = {isa = PBXBuildFile; fileRef = BD93E2C01F683259000E0F32 /* Main.storyboard */; };
		BD93E2C41F683259000E0F32 /* Assets.xcassets in Resources */ = {isa = PBXBuildFile; fileRef = BD93E2C31F683259000E0F32 /* Assets.xcassets */; };
		BD93E2C71F683259000E0F32 /* LaunchScreen.storyboard in Resources */ = {isa = PBXBuildFile; fileRef = BD93E2C51F683259000E0F32 /* LaunchScreen.storyboard */; };
		BD93E2D21F683259000E0F32 /* W03_myers_benTests.swift in Sources */ = {isa = PBXBuildFile; fileRef = BD93E2D11F683259000E0F32 /* W03_myers_benTests.swift */; };
		BD93E2DD1F683259000E0F32 /* W03_myers_benUITests.swift in Sources */ = {isa = PBXBuildFile; fileRef = BD93E2DC1F683259000E0F32 /* W03_myers_benUITests.swift */; };
/* End PBXBuildFile section */

/* Begin PBXContainerItemProxy section */
		BD93E2CE1F683259000E0F32 /* PBXContainerItemProxy */ = {
			isa = PBXContainerItemProxy;
			containerPortal = BD93E2B11F683259000E0F32 /* Project object */;
			proxyType = 1;
			remoteGlobalIDString = BD93E2B81F683259000E0F32;
			remoteInfo = W03_myers_ben;
		};
		BD93E2D91F683259000E0F32 /* PBXContainerItemProxy */ = {
			isa = PBXContainerItemProxy;
			containerPortal = BD93E2B11F683259000E0F32 /* Project object */;
			proxyType = 1;
			remoteGlobalIDString = BD93E2B81F683259000E0F32;
			remoteInfo = W03_myers_ben;
		};
/* End PBXContainerItemProxy section */

/* Begin PBXFileReference section */
		BD93E2B91F683259000E0F32 /* W03_myers_ben.app */ = {isa = PBXFileReference; explicitFileType = wrapper.application; includeInIndex = 0; path = W03_myers_ben.app; sourceTree = BUILT_PRODUCTS_DIR; };
		BD93E2BC1F683259000E0F32 /* AppDelegate.swift */ = {isa = PBXFileReference; lastKnownFileType = sourcecode.swift; path = AppDelegate.swift; sourceTree = "<group>"; };
		BD93E2BE1F683259000E0F32 /* ViewController.swift */ = {isa = PBXFileReference; lastKnownFileType = sourcecode.swift; path = ViewController.swift; sourceTree = "<group>"; };
		BD93E2C11F683259000E0F32 /* Base */ = {isa = PBXFileReference; lastKnownFileType = file.storyboard; name = Base; path = Base.lproj/Main.storyboard; sourceTree = "<group>"; };
		BD93E2C31F683259000E0F32 /* Assets.xcassets */ = {isa = PBXFileReference; lastKnownFileType = folder.assetcatalog; path = Assets.xcassets; sourceTree = "<group>"; };
		BD93E2C61F683259000E0F32 /* Base */ = {isa = PBXFileReference; lastKnownFileType = file.storyboard; name = Base; path = Base.lproj/LaunchScreen.storyboard; sourceTree = "<group>"; };
		BD93E2C81F683259000E0F32 /* Info.plist */ = {isa = PBXFileReference; lastKnownFileType = text.plist.xml; path = Info.plist; sourceTree = "<group>"; };
		BD93E2CD1F683259000E0F32 /* W03_myers_benTests.xctest */ = {isa = PBXFileReference; explicitFileType = wrapper.cfbundle; includeInIndex = 0; path = W03_myers_benTests.xctest; sourceTree = BUILT_PRODUCTS_DIR; };
		BD93E2D11F683259000E0F32 /* W03_myers_benTests.swift */ = {isa = PBXFileReference; lastKnownFileType = sourcecode.swift; path = W03_myers_benTests.swift; sourceTree = "<group>"; };
		BD93E2D31F683259000E0F32 /* Info.plist */ = {isa = PBXFileReference; lastKnownFileType = text.plist.xml; path = Info.plist; sourceTree = "<group>"; };
		BD93E2D81F683259000E0F32 /* W03_myers_benUITests.xctest */ = {isa = PBXFileReference; explicitFileType = wrapper.cfbundle; includeInIndex = 0; path = W03_myers_benUITests.xctest; sourceTree = BUILT_PRODUCTS_DIR; };
		BD93E2DC1F683259000E0F32 /* W03_myers_benUITests.swift */ = {isa = PBXFileReference; lastKnownFileType = sourcecode.swift; path = W03_myers_benUITests.swift; sourceTree = "<group>"; };
		BD93E2DE1F683259000E0F32 /* Info.plist */ = {isa = PBXFileReference; lastKnownFileType = text.plist.xml; path = Info.plist; sourceTree = "<group>"; };
/* End PBXFileReference section */

/* Begin PBXFrameworksBuildPhase section */
		BD93E2B61F683259000E0F32 /* Frameworks */ = {
			isa = PBXFrameworksBuildPhase;
			buildActionMask = 2147483647;
			files = (
			);
			runOnlyForDeploymentPostprocessing = 0;
		};
		BD93E2CA1F683259000E0F32 /* Frameworks */ = {
			isa = PBXFrameworksBuildPhase;
			buildActionMask = 2147483647;
			files = (
			);
			runOnlyForDeploymentPostprocessing = 0;
		};
		BD93E2D51F683259000E0F32 /* Frameworks */ = {
			isa = PBXFrameworksBuildPhase;
			buildActionMask = 2147483647;
			files = (
			);
			runOnlyForDeploymentPostprocessing = 0;
		};
/* End PBXFrameworksBuildPhase section */

/* Begin PBXGroup section */
		BD93E2B01F683259000E0F32 = {
			isa = PBXGroup;
			children = (
				BD93E2BB1F683259000E0F32 /* W03_myers_ben */,
				BD93E2D01F683259000E0F32 /* W03_myers_benTests */,
				BD93E2DB1F683259000E0F32 /* W03_myers_benUITests */,
				BD93E2BA1F683259000E0F32 /* Products */,
			);
			sourceTree = "<group>";
		};
		BD93E2BA1F683259000E0F32 /* Products */ = {
			isa = PBXGroup;
			children = (
				BD93E2B91F683259000E0F32 /* W03_myers_ben.app */,
				BD93E2CD1F683259000E0F32 /* W03_myers_benTests.xctest */,
				BD93E2D81F683259000E0F32 /* W03_myers_benUITests.xctest */,
			);
			name = Products;
			sourceTree = "<group>";
		};
		BD93E2BB1F683259000E0F32 /* W03_myers_ben */ = {
			isa = PBXGroup;
			children = (
				BD93E2BC1F683259000E0F32 /* AppDelegate.swift */,
				BD93E2BE1F683259000E0F32 /* ViewController.swift */,
				BD93E2C01F683259000E0F32 /* Main.storyboard */,
				BD93E2C31F683259000E0F32 /* Assets.xcassets */,
				BD93E2C51F683259000E0F32 /* LaunchScreen.storyboard */,
				BD93E2C81F683259000E0F32 /* Info.plist */,
			);
			path = W03_myers_ben;
			sourceTree = "<group>";
		};
		BD93E2D01F683259000E0F32 /* W03_myers_benTests */ = {
			isa = PBXGroup;
			children = (
				BD93E2D11F683259000E0F32 /* W03_myers_benTests.swift */,
				BD93E2D31F683259000E0F32 /* Info.plist */,
			);
			path = W03_myers_benTests;
			sourceTree = "<group>";
		};
		BD93E2DB1F683259000E0F32 /* W03_myers_benUITests */ = {
			isa = PBXGroup;
			children = (
				BD93E2DC1F683259000E0F32 /* W03_myers_benUITests.swift */,
				BD93E2DE1F683259000E0F32 /* Info.plist */,
			);
			path = W03_myers_benUITests;
			sourceTree = "<group>";
		};
/* End PBXGroup section */

/* Begin PBXNativeTarget section */
		BD93E2B81F683259000E0F32 /* W03_myers_ben */ = {
			isa = PBXNativeTarget;
			buildConfigurationList = BD93E2E11F683259000E0F32 /* Build configuration list for PBXNativeTarget "W03_myers_ben" */;
			buildPhases = (
				BD93E2B51F683259000E0F32 /* Sources */,
				BD93E2B61F683259000E0F32 /* Frameworks */,
				BD93E2B71F683259000E0F32 /* Resources */,
			);
			buildRules = (
			);
			dependencies = (
			);
			name = W03_myers_ben;
			productName = W03_myers_ben;
			productReference = BD93E2B91F683259000E0F32 /* W03_myers_ben.app */;
			productType = "com.apple.product-type.application";
		};
		BD93E2CC1F683259000E0F32 /* W03_myers_benTests */ = {
			isa = PBXNativeTarget;
			buildConfigurationList = BD93E2E41F683259000E0F32 /* Build configuration list for PBXNativeTarget "W03_myers_benTests" */;
			buildPhases = (
				BD93E2C91F683259000E0F32 /* Sources */,
				BD93E2CA1F683259000E0F32 /* Frameworks */,
				BD93E2CB1F683259000E0F32 /* Resources */,
			);
			buildRules = (
			);
			dependencies = (
				BD93E2CF1F683259000E0F32 /* PBXTargetDependency */,
			);
			name = W03_myers_benTests;
			productName = W03_myers_benTests;
			productReference = BD93E2CD1F683259000E0F32 /* W03_myers_benTests.xctest */;
			productType = "com.apple.product-type.bundle.unit-test";
		};
		BD93E2D71F683259000E0F32 /* W03_myers_benUITests */ = {
			isa = PBXNativeTarget;
			buildConfigurationList = BD93E2E71F683259000E0F32 /* Build configuration list for PBXNativeTarget "W03_myers_benUITests" */;
			buildPhases = (
				BD93E2D41F683259000E0F32 /* Sources */,
				BD93E2D51F683259000E0F32 /* Frameworks */,
				BD93E2D61F683259000E0F32 /* Resources */,
			);
			buildRules = (
			);
			dependencies = (
				BD93E2DA1F683259000E0F32 /* PBXTargetDependency */,
			);
			name = W03_myers_benUITests;
			productName = W03_myers_benUITests;
			productReference = BD93E2D81F683259000E0F32 /* W03_myers_benUITests.xctest */;
			productType = "com.apple.product-type.bundle.ui-testing";
		};
/* End PBXNativeTarget section */

/* Begin PBXProject section */
		BD93E2B11F683259000E0F32 /* Project object */ = {
			isa = PBXProject;
			attributes = {
				LastSwiftUpdateCheck = 0900;
				LastUpgradeCheck = 0900;
				ORGANIZATIONNAME = "MYERS BENJAMIN D";
				TargetAttributes = {
					BD93E2B81F683259000E0F32 = {
						CreatedOnToolsVersion = 9.0;
					};
					BD93E2CC1F683259000E0F32 = {
						CreatedOnToolsVersion = 9.0;
						TestTargetID = BD93E2B81F683259000E0F32;
					};
					BD93E2D71F683259000E0F32 = {
						CreatedOnToolsVersion = 9.0;
						TestTargetID = BD93E2B81F683259000E0F32;
					};
				};
			};
			buildConfigurationList = BD93E2B41F683259000E0F32 /* Build configuration list for PBXProject "W03_myers_ben" */;
			compatibilityVersion = "Xcode 8.0";
			developmentRegion = en;
			hasScannedForEncodings = 0;
			knownRegions = (
				en,
				Base,
			);
			mainGroup = BD93E2B01F683259000E0F32;
			productRefGroup = BD93E2BA1F683259000E0F32 /* Products */;
			projectDirPath = "";
			projectRoot = "";
			targets = (
				BD93E2B81F683259000E0F32 /* W03_myers_ben */,
				BD93E2CC1F683259000E0F32 /* W03_myers_benTests */,
				BD93E2D71F683259000E0F32 /* W03_myers_benUITests */,
			);
		};
/* End PBXProject section */

/* Begin PBXResourcesBuildPhase section */
		BD93E2B71F683259000E0F32 /* Resources */ = {
			isa = PBXResourcesBuildPhase;
			buildActionMask = 2147483647;
			files = (
				BD93E2C71F683259000E0F32 /* LaunchScreen.storyboard in Resources */,
				BD93E2C41F683259000E0F32 /* Assets.xcassets in Resources */,
				BD93E2C21F683259000E0F32 /* Main.storyboard in Resources */,
			);
			runOnlyForDeploymentPostprocessing = 0;
		};
		BD93E2CB1F683259000E0F32 /* Resources */ = {
			isa = PBXResourcesBuildPhase;
			buildActionMask = 2147483647;
			files = (
			);
			runOnlyForDeploymentPostprocessing = 0;
		};
		BD93E2D61F683259000E0F32 /* Resources */ = {
			isa = PBXResourcesBuildPhase;
			buildActionMask = 2147483647;
			files = (
			);
			runOnlyForDeploymentPostprocessing = 0;
		};
/* End PBXResourcesBuildPhase section */

/* Begin PBXSourcesBuildPhase section */
		BD93E2B51F683259000E0F32 /* Sources */ = {
			isa = PBXSourcesBuildPhase;
			buildActionMask = 2147483647;
			files = (
				BD93E2BF1F683259000E0F32 /* ViewController.swift in Sources */,
				BD93E2BD1F683259000E0F32 /* AppDelegate.swift in Sources */,
			);
			runOnlyForDeploymentPostprocessing = 0;
		};
		BD93E2C91F683259000E0F32 /* Sources */ = {
			isa = PBXSourcesBuildPhase;
			buildActionMask = 2147483647;
			files = (
				BD93E2D21F683259000E0F32 /* W03_myers_benTests.swift in Sources */,
			);
			runOnlyForDeploymentPostprocessing = 0;
		};
		BD93E2D41F683259000E0F32 /* Sources */ = {
			isa = PBXSourcesBuildPhase;
			buildActionMask = 2147483647;
			files = (
				BD93E2DD1F683259000E0F32 /* W03_myers_benUITests.swift in Sources */,
			);
			runOnlyForDeploymentPostprocessing = 0;
		};
/* End PBXSourcesBuildPhase section */

/* Begin PBXTargetDependency section */
		BD93E2CF1F683259000E0F32 /* PBXTargetDependency */ = {
			isa = PBXTargetDependency;
			target = BD93E2B81F683259000E0F32 /* W03_myers_ben */;
			targetProxy = BD93E2CE1F683259000E0F32 /* PBXContainerItemProxy */;
		};
		BD93E2DA1F683259000E0F32 /* PBXTargetDependency */ = {
			isa = PBXTargetDependency;
			target = BD93E2B81F683259000E0F32 /* W03_myers_ben */;
			targetProxy = BD93E2D91F683259000E0F32 /* PBXContainerItemProxy */;
		};
/* End PBXTargetDependency section */

/* Begin PBXVariantGroup section */
		BD93E2C01F683259000E0F32 /* Main.storyboard */ = {
			isa = PBXVariantGroup;
			children = (
				BD93E2C11F683259000E0F32 /* Base */,
			);
			name = Main.storyboard;
			sourceTree = "<group>";
		};
		BD93E2C51F683259000E0F32 /* LaunchScreen.storyboard */ = {
			isa = PBXVariantGroup;
			children = (
				BD93E2C61F683259000E0F32 /* Base */,
			);
			name = LaunchScreen.storyboard;
			sourceTree = "<group>";
		};
/* End PBXVariantGroup section */

/* Begin XCBuildConfiguration section */
		BD93E2DF1F683259000E0F32 /* Debug */ = {
			isa = XCBuildConfiguration;
			buildSettings = {
				ALWAYS_SEARCH_USER_PATHS = NO;
				CLANG_ANALYZER_NONNULL = YES;
				CLANG_ANALYZER_NUMBER_OBJECT_CONVERSION = YES_AGGRESSIVE;
				CLANG_CXX_LANGUAGE_STANDARD = "gnu++14";
				CLANG_CXX_LIBRARY = "libc++";
				CLANG_ENABLE_MODULES = YES;
				CLANG_ENABLE_OBJC_ARC = YES;
				CLANG_WARN_BLOCK_CAPTURE_AUTORELEASING = YES;
				CLANG_WARN_BOOL_CONVERSION = YES;
				CLANG_WARN_COMMA = YES;
				CLANG_WARN_CONSTANT_CONVERSION = YES;
				CLANG_WARN_DIRECT_OBJC_ISA_USAGE = YES_ERROR;
				CLANG_WARN_DOCUMENTATION_COMMENTS = YES;
				CLANG_WARN_EMPTY_BODY = YES;
				CLANG_WARN_ENUM_CONVERSION = YES;
				CLANG_WARN_INFINITE_RECURSION = YES;
				CLANG_WARN_INT_CONVERSION = YES;
				CLANG_WARN_NON_LITERAL_NULL_CONVERSION = YES;
				CLANG_WARN_OBJC_LITERAL_CONVERSION = YES;
				CLANG_WARN_OBJC_ROOT_CLASS = YES_ERROR;
				CLANG_WARN_RANGE_LOOP_ANALYSIS = YES;
				CLANG_WARN_STRICT_PROTOTYPES = YES;
				CLANG_WARN_SUSPICIOUS_MOVE = YES;
				CLANG_WARN_UNGUARDED_AVAILABILITY = YES_AGGRESSIVE;
				CLANG_WARN_UNREACHABLE_CODE = YES;
				CLANG_WARN__DUPLICATE_METHOD_MATCH = YES;
				CODE_SIGN_IDENTITY = "iPhone Developer";
				COPY_PHASE_STRIP = NO;
				DEBUG_INFORMATION_FORMAT = dwarf;
				ENABLE_STRICT_OBJC_MSGSEND = YES;
				ENABLE_TESTABILITY = YES;
				GCC_C_LANGUAGE_STANDARD = gnu11;
				GCC_DYNAMIC_NO_PIC = NO;
				GCC_NO_COMMON_BLOCKS = YES;
				GCC_OPTIMIZATION_LEVEL = 0;
				GCC_PREPROCESSOR_DEFINITIONS = (
					"DEBUG=1",
					"$(inherited)",
				);
				GCC_WARN_64_TO_32_BIT_CONVERSION = YES;
				GCC_WARN_ABOUT_RETURN_TYPE = YES_ERROR;
				GCC_WARN_UNDECLARED_SELECTOR = YES;
				GCC_WARN_UNINITIALIZED_AUTOS = YES_AGGRESSIVE;
				GCC_WARN_UNUSED_FUNCTION = YES;
				GCC_WARN_UNUSED_VARIABLE = YES;
				IPHONEOS_DEPLOYMENT_TARGET = 11.0;
				MTL_ENABLE_DEBUG_INFO = YES;
				ONLY_ACTIVE_ARCH = YES;
				SDKROOT = iphoneos;
				SWIFT_ACTIVE_COMPILATION_CONDITIONS = DEBUG;
				SWIFT_OPTIMIZATION_LEVEL = "-Onone";
			};
			name = Debug;
		};
		BD93E2E01F683259000E0F32 /* Release */ = {
			isa = XCBuildConfiguration;
			buildSettings = {
				ALWAYS_SEARCH_USER_PATHS = NO;
				CLANG_ANALYZER_NONNULL = YES;
				CLANG_ANALYZER_NUMBER_OBJECT_CONVERSION = YES_AGGRESSIVE;
				CLANG_CXX_LANGUAGE_STANDARD = "gnu++14";
				CLANG_CXX_LIBRARY = "libc++";
				CLANG_ENABLE_MODULES = YES;
				CLANG_ENABLE_OBJC_ARC = YES;
				CLANG_WARN_BLOCK_CAPTURE_AUTORELEASING = YES;
				CLANG_WARN_BOOL_CONVERSION = YES;
				CLANG_WARN_COMMA = YES;
				CLANG_WARN_CONSTANT_CONVERSION = YES;
				CLANG_WARN_DIRECT_OBJC_ISA_USAGE = YES_ERROR;
				CLANG_WARN_DOCUMENTATION_COMMENTS = YES;
				CLANG_WARN_EMPTY_BODY = YES;
				CLANG_WARN_ENUM_CONVERSION = YES;
				CLANG_WARN_INFINITE_RECURSION = YES;
				CLANG_WARN_INT_CONVERSION = YES;
				CLANG_WARN_NON_LITERAL_NULL_CONVERSION = YES;
				CLANG_WARN_OBJC_LITERAL_CONVERSION = YES;
				CLANG_WARN_OBJC_ROOT_CLASS = YES_ERROR;
				CLANG_WARN_RANGE_LOOP_ANALYSIS = YES;
				CLANG_WARN_STRICT_PROTOTYPES = YES;
				CLANG_WARN_SUSPICIOUS_MOVE = YES;
				CLANG_WARN_UNGUARDED_AVAILABILITY = YES_AGGRESSIVE;
				CLANG_WARN_UNREACHABLE_CODE = YES;
				CLANG_WARN__DUPLICATE_METHOD_MATCH = YES;
				CODE_SIGN_IDENTITY = "iPhone Developer";
				COPY_PHASE_STRIP = NO;
				DEBUG_INFORMATION_FORMAT = "dwarf-with-dsym";
				ENABLE_NS_ASSERTIONS = NO;
				ENABLE_STRICT_OBJC_MSGSEND = YES;
				GCC_C_LANGUAGE_STANDARD = gnu11;
				GCC_NO_COMMON_BLOCKS = YES;
				GCC_WARN_64_TO_32_BIT_CONVERSION = YES;
				GCC_WARN_ABOUT_RETURN_TYPE = YES_ERROR;
				GCC_WARN_UNDECLARED_SELECTOR = YES;
				GCC_WARN_UNINITIALIZED_AUTOS = YES_AGGRESSIVE;
				GCC_WARN_UNUSED_FUNCTION = YES;
				GCC_WARN_UNUSED_VARIABLE = YES;
				IPHONEOS_DEPLOYMENT_TARGET = 11.0;
				MTL_ENABLE_DEBUG_INFO = NO;
				SDKROOT = iphoneos;
				SWIFT_OPTIMIZATION_LEVEL = "-Owholemodule";
				VALIDATE_PRODUCT = YES;
			};
			name = Release;
		};
		BD93E2E21F683259000E0F32 /* Debug */ = {
			isa = XCBuildConfiguration;
			buildSettings = {
				ASSETCATALOG_COMPILER_APPICON_NAME = AppIcon;
				INFOPLIST_FILE = W03_myers_ben/Info.plist;
				LD_RUNPATH_SEARCH_PATHS = "$(inherited) @executable_path/Frameworks";
				PRODUCT_BUNDLE_IDENTIFIER = "edu.okstate.cs.bemy.W03-myers-ben";
				PRODUCT_NAME = "$(TARGET_NAME)";
				SWIFT_VERSION = 4.0;
				TARGETED_DEVICE_FAMILY = "1,2";
			};
			name = Debug;
		};
		BD93E2E31F683259000E0F32 /* Release */ = {
			isa = XCBuildConfiguration;
			buildSettings = {
				ASSETCATALOG_COMPILER_APPICON_NAME = AppIcon;
				INFOPLIST_FILE = W03_myers_ben/Info.plist;
				LD_RUNPATH_SEARCH_PATHS = "$(inherited) @executable_path/Frameworks";
				PRODUCT_BUNDLE_IDENTIFIER = "edu.okstate.cs.bemy.W03-myers-ben";
				PRODUCT_NAME = "$(TARGET_NAME)";
				SWIFT_VERSION = 4.0;
				TARGETED_DEVICE_FAMILY = "1,2";
			};
			name = Release;
		};
		BD93E2E51F683259000E0F32 /* Debug */ = {
			isa = XCBuildConfiguration;
			buildSettings = {
				ALWAYS_EMBED_SWIFT_STANDARD_LIBRARIES = YES;
				BUNDLE_LOADER = "$(TEST_HOST)";
				INFOPLIST_FILE = W03_myers_benTests/Info.plist;
				LD_RUNPATH_SEARCH_PATHS = "$(inherited) @executable_path/Frameworks @loader_path/Frameworks";
				PRODUCT_BUNDLE_IDENTIFIER = "edu.okstate.cs.bemy.W03-myers-benTests";
				PRODUCT_NAME = "$(TARGET_NAME)";
				SWIFT_VERSION = 4.0;
				TARGETED_DEVICE_FAMILY = "1,2";
				TEST_HOST = "$(BUILT_PRODUCTS_DIR)/W03_myers_ben.app/W03_myers_ben";
			};
			name = Debug;
		};
		BD93E2E61F683259000E0F32 /* Release */ = {
			isa = XCBuildConfiguration;
			buildSettings = {
				ALWAYS_EMBED_SWIFT_STANDARD_LIBRARIES = YES;
				BUNDLE_LOADER = "$(TEST_HOST)";
				INFOPLIST_FILE = W03_myers_benTests/Info.plist;
				LD_RUNPATH_SEARCH_PATHS = "$(inherited) @executable_path/Frameworks @loader_path/Frameworks";
				PRODUCT_BUNDLE_IDENTIFIER = "edu.okstate.cs.bemy.W03-myers-benTests";
				PRODUCT_NAME = "$(TARGET_NAME)";
				SWIFT_VERSION = 4.0;
				TARGETED_DEVICE_FAMILY = "1,2";
				TEST_HOST = "$(BUILT_PRODUCTS_DIR)/W03_myers_ben.app/W03_myers_ben";
			};
			name = Release;
		};
		BD93E2E81F683259000E0F32 /* Debug */ = {
			isa = XCBuildConfiguration;
			buildSettings = {
				ALWAYS_EMBED_SWIFT_STANDARD_LIBRARIES = YES;
				INFOPLIST_FILE = W03_myers_benUITests/Info.plist;
				LD_RUNPATH_SEARCH_PATHS = "$(inherited) @executable_path/Frameworks @loader_path/Frameworks";
				PRODUCT_BUNDLE_IDENTIFIER = "edu.okstate.cs.bemy.W03-myers-benUITests";
				PRODUCT_NAME = "$(TARGET_NAME)";
				SWIFT_VERSION = 4.0;
				TARGETED_DEVICE_FAMILY = "1,2";
				TEST_TARGET_NAME = W03_myers_ben;
			};
			name = Debug;
		};
		BD93E2E91F683259000E0F32 /* Release */ = {
			isa = XCBuildConfiguration;
			buildSettings = {
				ALWAYS_EMBED_SWIFT_STANDARD_LIBRARIES = YES;
				INFOPLIST_FILE = W03_myers_benUITests/Info.plist;
				LD_RUNPATH_SEARCH_PATHS = "$(inherited) @executable_path/Frameworks @loader_path/Frameworks";
				PRODUCT_BUNDLE_IDENTIFIER = "edu.okstate.cs.bemy.W03-myers-benUITests";
				PRODUCT_NAME = "$(TARGET_NAME)";
				SWIFT_VERSION = 4.0;
				TARGETED_DEVICE_FAMILY = "1,2";
				TEST_TARGET_NAME = W03_myers_ben;
			};
			name = Release;
		};
/* End XCBuildConfiguration section */

/* Begin XCConfigurationList section */
		BD93E2B41F683259000E0F32 /* Build configuration list for PBXProject "W03_myers_ben" */ = {
			isa = XCConfigurationList;
			buildConfigurations = (
				BD93E2DF1F683259000E0F32 /* Debug */,
				BD93E2E01F683259000E0F32 /* Release */,
			);
			defaultConfigurationIsVisible = 0;
			defaultConfigurationName = Release;
		};
		BD93E2E11F683259000E0F32 /* Build configuration list for PBXNativeTarget "W03_myers_ben" */ = {
			isa = XCConfigurationList;
			buildConfigurations = (
				BD93E2E21F683259000E0F32 /* Debug */,
				BD93E2E31F683259000E0F32 /* Release */,
			);
			defaultConfigurationIsVisible = 0;
			defaultConfigurationName = Release;
		};
		BD93E2E41F683259000E0F32 /* Build configuration list for PBXNativeTarget "W03_myers_benTests" */ = {
			isa = XCConfigurationList;
			buildConfigurations = (
				BD93E2E51F683259000E0F32 /* Debug */,
				BD93E2E61F683259000E0F32 /* Release */,
			);
			defaultConfigurationIsVisible = 0;
			defaultConfigurationName = Release;
		};
		BD93E2E71F683259000E0F32 /* Build configuration list for PBXNativeTarget "W03_myers_benUITests" */ = {
			isa = XCConfigurationList;
			buildConfigurations = (
				BD93E2E81F683259000E0F32 /* Debug */,
				BD93E2E91F683259000E0F32 /* Release */,
			);
			defaultConfigurationIsVisible = 0;
			defaultConfigurationName = Release;
		};
/* End XCConfigurationList section */
	};
	rootObject = BD93E2B11F683259000E0F32 /* Project object */;
}
